Microsoft Visual Studio Solution File, Format Version 12.00
# Visual Studio Version 17
VisualStudioVersion = 17.5.320.0
MinimumVisualStudioVersion = 10.0.40219.1
Project("{FAE04EC0-301F-11D3-BF4B-00C04F79EFBC}") = "L02", "L02.csproj", "{046D264C-7F75-54DB-C9B8-B278E5F465BB}"
EndProject
Global
	GlobalSection(SolutionConfigurationPlatforms) = preSolution
		Debug|Any CPU = Debug|Any CPU
		Release|Any CPU = Release|Any CPU
	EndGlobalSection
	GlobalSection(ProjectConfigurationPlatforms) = postSolution
		{046D264C-7F75-54DB-C9B8-B278E5F465BB}.Debug|Any CPU.ActiveCfg = Debug|Any CPU
		{046D264C-7F75-54DB-C9B8-B278E5F465BB}.Debug|Any CPU.Build.0 = Debug|Any CPU
		{046D264C-7F75-54DB-C9B8-B278E5F465BB}.Release|Any CPU.ActiveCfg = Release|Any CPU
		{046D264C-7F75-54DB-C9B8-B278E5F465BB}.Release|Any CPU.Build.0 = Release|Any CPU
	EndGlobalSection
	GlobalSection(SolutionProperties) = preSolution
		HideSolutionNode = FALSE
	EndGlobalSection
	GlobalSection(ExtensibilityGlobals) = postSolution
		SolutionGuid = {2B8C143B-E575-4295-B4A9-05580175204C}
	EndGlobalSection
EndGlobal
