Microsoft Visual Studio Solution File, Format Version 12.00
# Visual Studio Version 17
VisualStudioVersion = 17.5.340.0
MinimumVisualStudioVersion = 10.0.40219.1
Project("{FAE04EC0-301F-11D3-BF4B-00C04F79EFBC}") = "L04", "L04.csproj", "{54FC3C8C-1103-1D35-E20E-0185BFCD299C}"
EndProject
Global
	GlobalSection(SolutionConfigurationPlatforms) = preSolution
		Debug|Any CPU = Debug|Any CPU
		Release|Any CPU = Release|Any CPU
	EndGlobalSection
	GlobalSection(ProjectConfigurationPlatforms) = postSolution
		{54FC3C8C-1103-1D35-E20E-0185BFCD299C}.Debug|Any CPU.ActiveCfg = Debug|Any CPU
		{54FC3C8C-1103-1D35-E20E-0185BFCD299C}.Debug|Any CPU.Build.0 = Debug|Any CPU
		{54FC3C8C-1103-1D35-E20E-0185BFCD299C}.Release|Any CPU.ActiveCfg = Release|Any CPU
		{54FC3C8C-1103-1D35-E20E-0185BFCD299C}.Release|Any CPU.Build.0 = Release|Any CPU
	EndGlobalSection
	GlobalSection(SolutionProperties) = preSolution
		HideSolutionNode = FALSE
	EndGlobalSection
	GlobalSection(ExtensibilityGlobals) = postSolution
		SolutionGuid = {5776500D-F875-4A1D-B66C-5F64580B4EB1}
	EndGlobalSection
EndGlobal
